// !$*UTF8*$!
{
	archiveVersion = 1;
	classes = {
	};
	objectVersion = 46;
	objects = {

/* Begin PBXBuildFile section */
		D73C90D71AD597A5007F85CE /* AppDelegate.swift in Sources */ = {isa = PBXBuildFile; fileRef = D73C90D61AD597A5007F85CE /* AppDelegate.swift */; };
		D73C90DA1AD597A5007F85CE /* test.xcdatamodeld in Sources */ = {isa = PBXBuildFile; fileRef = D73C90D81AD597A5007F85CE /* test.xcdatamodeld */; };
		D73C90DC1AD597A5007F85CE /* ViewController.swift in Sources */ = {isa = PBXBuildFile; fileRef = D73C90DB1AD597A5007F85CE /* ViewController.swift */; };
		D73C90DF1AD597A5007F85CE /* Main.storyboard in Resources */ = {isa = PBXBuildFile; fileRef = D73C90DD1AD597A5007F85CE /* Main.storyboard */; };
		D73C90E11AD597A5007F85CE /* Images.xcassets in Resources */ = {isa = PBXBuildFile; fileRef = D73C90E01AD597A5007F85CE /* Images.xcassets */; };
		D73C90E41AD597A5007F85CE /* LaunchScreen.xib in Resources */ = {isa = PBXBuildFile; fileRef = D73C90E21AD597A5007F85CE /* LaunchScreen.xib */; };
		D73C90F01AD597A5007F85CE /* testTests.swift in Sources */ = {isa = PBXBuildFile; fileRef = D73C90EF1AD597A5007F85CE /* testTests.swift */; };
/* End PBXBuildFile section */

/* Begin PBXContainerItemProxy section */
		D73C90EA1AD597A5007F85CE /* PBXContainerItemProxy */ = {
			isa = PBXContainerItemProxy;
			containerPortal = D73C90C91AD597A5007F85CE /* Project object */;
			proxyType = 1;
			remoteGlobalIDString = D73C90D01AD597A5007F85CE;
			remoteInfo = test;
		};
/* End PBXContainerItemProxy section */

/* Begin PBXFileReference section */
		D73C90D11AD597A5007F85CE /* test.app */ = {isa = PBXFileReference; explicitFileType = wrapper.application; includeInIndex = 0; path = test.app; sourceTree = BUILT_PRODUCTS_DIR; };
		D73C90D51AD597A5007F85CE /* Info.plist */ = {isa = PBXFileReference; lastKnownFileType = text.plist.xml; path = Info.plist; sourceTree = "<group>"; };
		D73C90D61AD597A5007F85CE /* AppDelegate.swift */ = {isa = PBXFileReference; lastKnownFileType = sourcecode.swift; path = AppDelegate.swift; sourceTree = "<group>"; };
		D73C90D91AD597A5007F85CE /* test.xcdatamodel */ = {isa = PBXFileReference; lastKnownFileType = wrapper.xcdatamodel; path = test.xcdatamodel; sourceTree = "<group>"; };
		D73C90DB1AD597A5007F85CE /* ViewController.swift */ = {isa = PBXFileReference; lastKnownFileType = sourcecode.swift; path = ViewController.swift; sourceTree = "<group>"; };
		D73C90DE1AD597A5007F85CE /* Base */ = {isa = PBXFileReference; lastKnownFileType = file.storyboard; name = Base; path = Base.lproj/Main.storyboard; sourceTree = "<group>"; };
		D73C90E01AD597A5007F85CE /* Images.xcassets */ = {isa = PBXFileReference; lastKnownFileType = folder.assetcatalog; path = Images.xcassets; sourceTree = "<group>"; };
		D73C90E31AD597A5007F85CE /* Base */ = {isa = PBXFileReference; lastKnownFileType = file.xib; name = Base; path = Base.lproj/LaunchScreen.xib; sourceTree = "<group>"; };
		D73C90E91AD597A5007F85CE /* testTests.xctest */ = {isa = PBXFileReference; explicitFileType = wrapper.cfbundle; includeInIndex = 0; path = testTests.xctest; sourceTree = BUILT_PRODUCTS_DIR; };
		D73C90EE1AD597A5007F85CE /* Info.plist */ = {isa = PBXFileReference; lastKnownFileType = text.plist.xml; path = Info.plist; sourceTree = "<group>"; };
		D73C90EF1AD597A5007F85CE /* testTests.swift */ = {isa = PBXFileReference; lastKnownFileType = sourcecode.swift; path = testTests.swift; sourceTree = "<group>"; };
/* End PBXFileReference section */

/* Begin PBXFrameworksBuildPhase section */
		D73C90CE1AD597A5007F85CE /* Frameworks */ = {
			isa = PBXFrameworksBuildPhase;
			buildActionMask = 2147483647;
			files = (
			);
			runOnlyForDeploymentPostprocessing = 0;
		};
		D73C90E61AD597A5007F85CE /* Frameworks */ = {
			isa = PBXFrameworksBuildPhase;
			buildActionMask = 2147483647;
			files = (
			);
			runOnlyForDeploymentPostprocessing = 0;
		};
/* End PBXFrameworksBuildPhase section */

/* Begin PBXGroup section */
		D73C90C81AD597A5007F85CE = {
			isa = PBXGroup;
			children = (
				D73C90D31AD597A5007F85CE /* test */,
				D73C90EC1AD597A5007F85CE /* testTests */,
				D73C90D21AD597A5007F85CE /* Products */,
			);
			sourceTree = "<group>";
		};
		D73C90D21AD597A5007F85CE /* Products */ = {
			isa = PBXGroup;
			children = (
				D73C90D11AD597A5007F85CE /* test.app */,
				D73C90E91AD597A5007F85CE /* testTests.xctest */,
			);
			name = Products;
			sourceTree = "<group>";
		};
		D73C90D31AD597A5007F85CE /* test */ = {
			isa = PBXGroup;
			children = (
				D73C90D61AD597A5007F85CE /* AppDelegate.swift */,
				D73C90DB1AD597A5007F85CE /* ViewController.swift */,
				D73C90DD1AD597A5007F85CE /* Main.storyboard */,
				D73C90E01AD597A5007F85CE /* Images.xcassets */,
				D73C90E21AD597A5007F85CE /* LaunchScreen.xib */,
				D73C90D81AD597A5007F85CE /* test.xcdatamodeld */,
				D73C90D41AD597A5007F85CE /* Supporting Files */,
			);
			path = test;
			sourceTree = "<group>";
		};
		D73C90D41AD597A5007F85CE /* Supporting Files */ = {
			isa = PBXGroup;
			children = (
				D73C90D51AD597A5007F85CE /* Info.plist */,
			);
			name = "Supporting Files";
			sourceTree = "<group>";
		};
		D73C90EC1AD597A5007F85CE /* testTests */ = {
			isa = PBXGroup;
			children = (
				D73C90EF1AD597A5007F85CE /* testTests.swift */,
				D73C90ED1AD597A5007F85CE /* Supporting Files */,
			);
			path = testTests;
			sourceTree = "<group>";
		};
		D73C90ED1AD597A5007F85CE /* Supporting Files */ = {
			isa = PBXGroup;
			children = (
				D73C90EE1AD597A5007F85CE /* Info.plist */,
			);
			name = "Supporting Files";
			sourceTree = "<group>";
		};
/* End PBXGroup section */

/* Begin PBXNativeTarget section */
		D73C90D01AD597A5007F85CE /* test */ = {
			isa = PBXNativeTarget;
			buildConfigurationList = D73C90F31AD597A5007F85CE /* Build configuration list for PBXNativeTarget "test" */;
			buildPhases = (
				D73C90CD1AD597A5007F85CE /* Sources */,
				D73C90CE1AD597A5007F85CE /* Frameworks */,
				D73C90CF1AD597A5007F85CE /* Resources */,
			);
			buildRules = (
			);
			dependencies = (
			);
			name = test;
			productName = test;
			productReference = D73C90D11AD597A5007F85CE /* test.app */;
			productType = "com.apple.product-type.application";
		};
		D73C90E81AD597A5007F85CE /* testTests */ = {
			isa = PBXNativeTarget;
			buildConfigurationList = D73C90F61AD597A5007F85CE /* Build configuration list for PBXNativeTarget "testTests" */;
			buildPhases = (
				D73C90E51AD597A5007F85CE /* Sources */,
				D73C90E61AD597A5007F85CE /* Frameworks */,
				D73C90E71AD597A5007F85CE /* Resources */,
			);
			buildRules = (
			);
			dependencies = (
				D73C90EB1AD597A5007F85CE /* PBXTargetDependency */,
			);
			name = testTests;
			productName = testTests;
			productReference = D73C90E91AD597A5007F85CE /* testTests.xctest */;
			productType = "com.apple.product-type.bundle.unit-test";
		};
/* End PBXNativeTarget section */

/* Begin PBXProject section */
		D73C90C91AD597A5007F85CE /* Project object */ = {
			isa = PBXProject;
			attributes = {
				LastUpgradeCheck = 0630;
				ORGANIZATIONNAME = "pegasus studios";
				TargetAttributes = {
					D73C90D01AD597A5007F85CE = {
						CreatedOnToolsVersion = 6.3;
					};
					D73C90E81AD597A5007F85CE = {
						CreatedOnToolsVersion = 6.3;
						TestTargetID = D73C90D01AD597A5007F85CE;
					};
				};
			};
			buildConfigurationList = D73C90CC1AD597A5007F85CE /* Build configuration list for PBXProject "test" */;
			compatibilityVersion = "Xcode 3.2";
			developmentRegion = English;
			hasScannedForEncodings = 0;
			knownRegions = (
				en,
				Base,
			);
			mainGroup = D73C90C81AD597A5007F85CE;
			productRefGroup = D73C90D21AD597A5007F85CE /* Products */;
			projectDirPath = "";
			projectRoot = "";
			targets = (
				D73C90D01AD597A5007F85CE /* test */,
				D73C90E81AD597A5007F85CE /* testTests */,
			);
		};
/* End PBXProject section */

/* Begin PBXResourcesBuildPhase section */
		D73C90CF1AD597A5007F85CE /* Resources */ = {
			isa = PBXResourcesBuildPhase;
			buildActionMask = 2147483647;
			files = (
				D73C90DF1AD597A5007F85CE /* Main.storyboard in Resources */,
				D73C90E41AD597A5007F85CE /* LaunchScreen.xib in Resources */,
				D73C90E11AD597A5007F85CE /* Images.xcassets in Resources */,
			);
			runOnlyForDeploymentPostprocessing = 0;
		};
		D73C90E71AD597A5007F85CE /* Resources */ = {
			isa = PBXResourcesBuildPhase;
			buildActionMask = 2147483647;
			files = (
			);
			runOnlyForDeploymentPostprocessing = 0;
		};
/* End PBXResourcesBuildPhase section */

/* Begin PBXSourcesBuildPhase section */
		D73C90CD1AD597A5007F85CE /* Sources */ = {
			isa = PBXSourcesBuildPhase;
			buildActionMask = 2147483647;
			files = (
				D73C90DC1AD597A5007F85CE /* ViewController.swift in Sources */,
				D73C90D71AD597A5007F85CE /* AppDelegate.swift in Sources */,
				D73C90DA1AD597A5007F85CE /* test.xcdatamodeld in Sources */,
			);
			runOnlyForDeploymentPostprocessing = 0;
		};
		D73C90E51AD597A5007F85CE /* Sources */ = {
			isa = PBXSourcesBuildPhase;
			buildActionMask = 2147483647;
			files = (
				D73C90F01AD597A5007F85CE /* testTests.swift in Sources */,
			);
			runOnlyForDeploymentPostprocessing = 0;
		};
/* End PBXSourcesBuildPhase section */

/* Begin PBXTargetDependency section */
		D73C90EB1AD597A5007F85CE /* PBXTargetDependency */ = {
			isa = PBXTargetDependency;
			target = D73C90D01AD597A5007F85CE /* test */;
			targetProxy = D73C90EA1AD597A5007F85CE /* PBXContainerItemProxy */;
		};
/* End PBXTargetDependency section */

/* Begin PBXVariantGroup section */
		D73C90DD1AD597A5007F85CE /* Main.storyboard */ = {
			isa = PBXVariantGroup;
			children = (
				D73C90DE1AD597A5007F85CE /* Base */,
			);
			name = Main.storyboard;
			sourceTree = "<group>";
		};
		D73C90E21AD597A5007F85CE /* LaunchScreen.xib */ = {
			isa = PBXVariantGroup;
			children = (
				D73C90E31AD597A5007F85CE /* Base */,
			);
			name = LaunchScreen.xib;
			sourceTree = "<group>";
		};
/* End PBXVariantGroup section */

/* Begin XCBuildConfiguration section */
		D73C90F11AD597A5007F85CE /* Debug */ = {
			isa = XCBuildConfiguration;
			buildSettings = {
				ALWAYS_SEARCH_USER_PATHS = NO;
				CLANG_CXX_LANGUAGE_STANDARD = "gnu++0x";
				CLANG_CXX_LIBRARY = "libc++";
				CLANG_ENABLE_MODULES = YES;
				CLANG_ENABLE_OBJC_ARC = YES;
				CLANG_WARN_BOOL_CONVERSION = YES;
				CLANG_WARN_CONSTANT_CONVERSION = YES;
				CLANG_WARN_DIRECT_OBJC_ISA_USAGE = YES_ERROR;
				CLANG_WARN_EMPTY_BODY = YES;
				CLANG_WARN_ENUM_CONVERSION = YES;
				CLANG_WARN_INT_CONVERSION = YES;
				CLANG_WARN_OBJC_ROOT_CLASS = YES_ERROR;
				CLANG_WARN_UNREACHABLE_CODE = YES;
				CLANG_WARN__DUPLICATE_METHOD_MATCH = YES;
				"CODE_SIGN_IDENTITY[sdk=iphoneos*]" = "iPhone Developer";
				COPY_PHASE_STRIP = NO;
				DEBUG_INFORMATION_FORMAT = "dwarf-with-dsym";
				ENABLE_STRICT_OBJC_MSGSEND = YES;
				GCC_C_LANGUAGE_STANDARD = gnu99;
				GCC_DYNAMIC_NO_PIC = NO;
				GCC_NO_COMMON_BLOCKS = YES;
				GCC_OPTIMIZATION_LEVEL = 0;
				GCC_PREPROCESSOR_DEFINITIONS = (
					"DEBUG=1",
					"$(inherited)",
				);
				GCC_SYMBOLS_PRIVATE_EXTERN = NO;
				GCC_WARN_64_TO_32_BIT_CONVERSION = YES;
				GCC_WARN_ABOUT_RETURN_TYPE = YES_ERROR;
				GCC_WARN_UNDECLARED_SELECTOR = YES;
				GCC_WARN_UNINITIALIZED_AUTOS = YES_AGGRESSIVE;
				GCC_WARN_UNUSED_FUNCTION = YES;
				GCC_WARN_UNUSED_VARIABLE = YES;
				IPHONEOS_DEPLOYMENT_TARGET = 8.3;
				MTL_ENABLE_DEBUG_INFO = YES;
				ONLY_ACTIVE_ARCH = YES;
				SDKROOT = iphoneos;
				SWIFT_OPTIMIZATION_LEVEL = "-Onone";
			};
			name = Debug;
		};
		D73C90F21AD597A5007F85CE /* Release */ = {
			isa = XCBuildConfiguration;
			buildSettings = {
				ALWAYS_SEARCH_USER_PATHS = NO;
				CLANG_CXX_LANGUAGE_STANDARD = "gnu++0x";
				CLANG_CXX_LIBRARY = "libc++";
				CLANG_ENABLE_MODULES = YES;
				CLANG_ENABLE_OBJC_ARC = YES;
				CLANG_WARN_BOOL_CONVERSION = YES;
				CLANG_WARN_CONSTANT_CONVERSION = YES;
				CLANG_WARN_DIRECT_OBJC_ISA_USAGE = YES_ERROR;
				CLANG_WARN_EMPTY_BODY = YES;
				CLANG_WARN_ENUM_CONVERSION = YES;
				CLANG_WARN_INT_CONVERSION = YES;
				CLANG_WARN_OBJC_ROOT_CLASS = YES_ERROR;
				CLANG_WARN_UNREACHABLE_CODE = YES;
				CLANG_WARN__DUPLICATE_METHOD_MATCH = YES;
				"CODE_SIGN_IDENTITY[sdk=iphoneos*]" = "iPhone Developer";
				COPY_PHASE_STRIP = NO;
				DEBUG_INFORMATION_FORMAT = "dwarf-with-dsym";
				ENABLE_NS_ASSERTIONS = NO;
				ENABLE_STRICT_OBJC_MSGSEND = YES;
				GCC_C_LANGUAGE_STANDARD = gnu99;
				GCC_NO_COMMON_BLOCKS = YES;
				GCC_WARN_64_TO_32_BIT_CONVERSION = YES;
				GCC_WARN_ABOUT_RETURN_TYPE = YES_ERROR;
				GCC_WARN_UNDECLARED_SELECTOR = YES;
				GCC_WARN_UNINITIALIZED_AUTOS = YES_AGGRESSIVE;
				GCC_WARN_UNUSED_FUNCTION = YES;
				GCC_WARN_UNUSED_VARIABLE = YES;
				IPHONEOS_DEPLOYMENT_TARGET = 8.3;
				MTL_ENABLE_DEBUG_INFO = NO;
				SDKROOT = iphoneos;
				VALIDATE_PRODUCT = YES;
			};
			name = Release;
		};
		D73C90F41AD597A5007F85CE /* Debug */ = {
			isa = XCBuildConfiguration;
			buildSettings = {
				ASSETCATALOG_COMPILER_APPICON_NAME = AppIcon;
				INFOPLIST_FILE = test/Info.plist;
				LD_RUNPATH_SEARCH_PATHS = "$(inherited) @executable_path/Frameworks";
				PRODUCT_NAME = "$(TARGET_NAME)";
			};
			name = Debug;
		};
		D73C90F51AD597A5007F85CE /* Release */ = {
			isa = XCBuildConfiguration;
			buildSettings = {
				ASSETCATALOG_COMPILER_APPICON_NAME = AppIcon;
				INFOPLIST_FILE = test/Info.plist;
				LD_RUNPATH_SEARCH_PATHS = "$(inherited) @executable_path/Frameworks";
				PRODUCT_NAME = "$(TARGET_NAME)";
			};
			name = Release;
		};
		D73C90F71AD597A5007F85CE /* Debug */ = {
			isa = XCBuildConfiguration;
			buildSettings = {
				BUNDLE_LOADER = "$(TEST_HOST)";
				FRAMEWORK_SEARCH_PATHS = (
					"$(SDKROOT)/Developer/Library/Frameworks",
					"$(inherited)",
				);
				GCC_PREPROCESSOR_DEFINITIONS = (
					"DEBUG=1",
					"$(inherited)",
				);
				INFOPLIST_FILE = testTests/Info.plist;
				LD_RUNPATH_SEARCH_PATHS = "$(inherited) @executable_path/Frameworks @loader_path/Frameworks";
				PRODUCT_NAME = "$(TARGET_NAME)";
				TEST_HOST = "$(BUILT_PRODUCTS_DIR)/test.app/test";
			};
			name = Debug;
		};
		D73C90F81AD597A5007F85CE /* Release */ = {
			isa = XCBuildConfiguration;
			buildSettings = {
				BUNDLE_LOADER = "$(TEST_HOST)";
				FRAMEWORK_SEARCH_PATHS = (
					"$(SDKROOT)/Developer/Library/Frameworks",
					"$(inherited)",
				);
				INFOPLIST_FILE = testTests/Info.plist;
				LD_RUNPATH_SEARCH_PATHS = "$(inherited) @executable_path/Frameworks @loader_path/Frameworks";
				PRODUCT_NAME = "$(TARGET_NAME)";
				TEST_HOST = "$(BUILT_PRODUCTS_DIR)/test.app/test";
			};
			name = Release;
		};
/* End XCBuildConfiguration section */

/* Begin XCConfigurationList section */
		D73C90CC1AD597A5007F85CE /* Build configuration list for PBXProject "test" */ = {
			isa = XCConfigurationList;
			buildConfigurations = (
				D73C90F11AD597A5007F85CE /* Debug */,
				D73C90F21AD597A5007F85CE /* Release */,
			);
			defaultConfigurationIsVisible = 0;
			defaultConfigurationName = Release;
		};
		D73C90F31AD597A5007F85CE /* Build configuration list for PBXNativeTarget "test" */ = {
			isa = XCConfigurationList;
			buildConfigurations = (
				D73C90F41AD597A5007F85CE /* Debug */,
				D73C90F51AD597A5007F85CE /* Release */,
			);
			defaultConfigurationIsVisible = 0;
		};
		D73C90F61AD597A5007F85CE /* Build configuration list for PBXNativeTarget "testTests" */ = {
			isa = XCConfigurationList;
			buildConfigurations = (
				D73C90F71AD597A5007F85CE /* Debug */,
				D73C90F81AD597A5007F85CE /* Release */,
			);
			defaultConfigurationIsVisible = 0;
		};
/* End XCConfigurationList section */

/* Begin XCVersionGroup section */
		D73C90D81AD597A5007F85CE /* test.xcdatamodeld */ = {
			isa = XCVersionGroup;
			children = (
				D73C90D91AD597A5007F85CE /* test.xcdatamodel */,
			);
			currentVersion = D73C90D91AD597A5007F85CE /* test.xcdatamodel */;
			path = test.xcdatamodeld;
			sourceTree = "<group>";
			versionGroupType = wrapper.xcdatamodel;
		};
/* End XCVersionGroup section */
	};
	rootObject = D73C90C91AD597A5007F85CE /* Project object */;
}
